# NeuroTCS v1.8.0 — locked dependency versions
# ================================================
#
# These are the EXACT versions used to produce the four-cohort triangulation
# locked invariants (audit_ids and cTCS values) in docs/datasheet/ad_neurotcs_datasheet.md
# Section A. An external collaborator wanting to verify those invariants
# bit-exactly should install these versions, NOT the floors in pyproject.toml.
#
# Python: 3.12.3 (Ubuntu 24.04 stock build, GCC 13.3.0)
# Generated:  2026-05-23 (v1.8.0 lock — four-cohort triangulation)
# Verified:  408 passed, 0 failed on sandbox with all four cohort env vars set
#
# v1.8.0 changes vs v1.7.13:
#   - same pinned versions (no dependency bumps; verified compatibility)
#   - audit_id cross-version determinism re-verified: numpy 2.0.2↔2.4.4, pyreadr 0.5.0↔0.5.6
#
# Usage:
#     pip install -r requirements.lock --break-system-packages
#     pip install -e .
#     NEUROTCS_MIRIAD_DIR=<path> NEUROTCS_NACC_CSV=<path> \
#     NEUROTCS_ADNI_DXSUM_RDA=<path> NEUROTCS_OASIS3_CDR=<path> \
#     pytest tests/ -q
#     # expect: 408 passed, 0 failed, 0 skipped
#
# Floor versions live in pyproject.toml; floors are what NeuroTCS DECLARES as
# minimum compatible. Pins below are what NeuroTCS was TESTED with. The pins
# are the canonical reproducible environment for verifying locked invariants.

# Core data + schema stack
pydantic==2.13.4
PyYAML==6.0.3
pandas==3.0.2
pyarrow==24.0.0
jsonschema==4.26.0
pyreadr==0.5.6

# Numeric stack
numpy==2.4.4
scipy==1.17.1

# Test + lint
pytest==9.0.3
ruff==0.15.13

# NOTE: pytest-cov and fhir.resources are declared in pyproject.toml but are
# optional for verifying invariants. They are NOT pinned here because the
# AD-lock test suite does not require them. An external collaborator running
# just the verification pipeline can omit them; a developer extending the
# package should install them per pyproject.toml.
